
Microsoft Visual Studio Solution File, Format Version 12.00
Project("{FAE04EC0-301F-11D3-BF4B-00C04F79EFBC}") = "platform-sdk-test", "platform-sdk-test\platform-sdk-test.csproj", "{635EF803-EA84-4F2A-9094-36B63FC5EE3B}"
EndProject
Global
	GlobalSection(SolutionConfigurationPlatforms) = preSolution
		Debug|Any CPU = Debug|Any CPU
		Release|Any CPU = Release|Any CPU
	EndGlobalSection
	GlobalSection(ProjectConfigurationPlatforms) = postSolution
		{635EF803-EA84-4F2A-9094-36B63FC5EE3B}.Debug|Any CPU.ActiveCfg = Debug|Any CPU
		{635EF803-EA84-4F2A-9094-36B63FC5EE3B}.Debug|Any CPU.Build.0 = Debug|Any CPU
		{635EF803-EA84-4F2A-9094-36B63FC5EE3B}.Release|Any CPU.ActiveCfg = Release|Any CPU
		{635EF803-EA84-4F2A-9094-36B63FC5EE3B}.Release|Any CPU.Build.0 = Release|Any CPU
	EndGlobalSection
EndGlobal
